// !$*UTF8*$!
{
	archiveVersion = 1;
	classes = {
	};
	objectVersion = 56;
	objects = {

/* Begin PBXBuildFile section */
		1877FFC82D88563D00615BB1 /* WeatherAppApp.swift in Sources */ = {isa = PBXBuildFile; fileRef = 1877FFC72D88563D00615BB1 /* WeatherAppApp.swift */; };
		1877FFCC2D88563F00615BB1 /* Assets.xcassets in Resources */ = {isa = PBXBuildFile; fileRef = 1877FFCB2D88563F00615BB1 /* Assets.xcassets */; };
		1877FFCF2D88563F00615BB1 /* Preview Assets.xcassets in Resources */ = {isa = PBXBuildFile; fileRef = 1877FFCE2D88563F00615BB1 /* Preview Assets.xcassets */; };
		1877FFD12D88563F00615BB1 /* Persistence.swift in Sources */ = {isa = PBXBuildFile; fileRef = 1877FFD02D88563F00615BB1 /* Persistence.swift */; };
		1877FFD42D88563F00615BB1 /* WeatherApp.xcdatamodeld in Sources */ = {isa = PBXBuildFile; fileRef = 1877FFD22D88563F00615BB1 /* WeatherApp.xcdatamodeld */; };
		1877FFDB2D885D9700615BB1 /* MockOneCallResponse.json in Resources */ = {isa = PBXBuildFile; fileRef = 1877FFDA2D885D9700615BB1 /* MockOneCallResponse.json */; };
		188833342D89D0E0002E608B /* WikiPediaSearch.swift in Sources */ = {isa = PBXBuildFile; fileRef = 188833332D89D0E0002E608B /* WikiPediaSearch.swift */; };
		188833362D89D1A6002E608B /* WeatherTabView.swift in Sources */ = {isa = PBXBuildFile; fileRef = 188833352D89D1A6002E608B /* WeatherTabView.swift */; };
		189686952D8A959F00DD4788 /* WeatherApp.swift in Sources */ = {isa = PBXBuildFile; fileRef = 189686942D8A959F00DD4788 /* WeatherApp.swift */; };
		189686972D8A95B700DD4788 /* WeatherDetailView.swift in Sources */ = {isa = PBXBuildFile; fileRef = 189686962D8A95B700DD4788 /* WeatherDetailView.swift */; };
		1896869A2D8A96DF00DD4788 /* CityWeatherModel.swift in Sources */ = {isa = PBXBuildFile; fileRef = 189686992D8A96DF00DD4788 /* CityWeatherModel.swift */; };
		1896869D2D8A9B2600DD4788 /* WeatherViewModel.swift in Sources */ = {isa = PBXBuildFile; fileRef = 1896869C2D8A9B2600DD4788 /* WeatherViewModel.swift */; };
		189686A12D8B428500DD4788 /* Extensions.swift in Sources */ = {isa = PBXBuildFile; fileRef = 189686A02D8B428500DD4788 /* Extensions.swift */; };
/* End PBXBuildFile section */

/* Begin PBXFileReference section */
		1877FFC42D88563D00615BB1 /* WeatherApp.app */ = {isa = PBXFileReference; explicitFileType = wrapper.application; includeInIndex = 0; path = WeatherApp.app; sourceTree = BUILT_PRODUCTS_DIR; };
		1877FFC72D88563D00615BB1 /* WeatherAppApp.swift */ = {isa = PBXFileReference; lastKnownFileType = sourcecode.swift; path = WeatherAppApp.swift; sourceTree = "<group>"; };
		1877FFCB2D88563F00615BB1 /* Assets.xcassets */ = {isa = PBXFileReference; lastKnownFileType = folder.assetcatalog; path = Assets.xcassets; sourceTree = "<group>"; };
		1877FFCE2D88563F00615BB1 /* Preview Assets.xcassets */ = {isa = PBXFileReference; lastKnownFileType = folder.assetcatalog; path = "Preview Assets.xcassets"; sourceTree = "<group>"; };
		1877FFD02D88563F00615BB1 /* Persistence.swift */ = {isa = PBXFileReference; lastKnownFileType = sourcecode.swift; path = Persistence.swift; sourceTree = "<group>"; };
		1877FFD32D88563F00615BB1 /* WeatherApp.xcdatamodel */ = {isa = PBXFileReference; lastKnownFileType = wrapper.xcdatamodel; path = WeatherApp.xcdatamodel; sourceTree = "<group>"; };
		1877FFDA2D885D9700615BB1 /* MockOneCallResponse.json */ = {isa = PBXFileReference; fileEncoding = 4; lastKnownFileType = text.json; path = MockOneCallResponse.json; sourceTree = "<group>"; };
		188833332D89D0E0002E608B /* WikiPediaSearch.swift */ = {isa = PBXFileReference; lastKnownFileType = sourcecode.swift; path = WikiPediaSearch.swift; sourceTree = "<group>"; };
		188833352D89D1A6002E608B /* WeatherTabView.swift */ = {isa = PBXFileReference; lastKnownFileType = sourcecode.swift; path = WeatherTabView.swift; sourceTree = "<group>"; };
		189686942D8A959F00DD4788 /* WeatherApp.swift */ = {isa = PBXFileReference; lastKnownFileType = sourcecode.swift; path = WeatherApp.swift; sourceTree = "<group>"; };
		189686962D8A95B700DD4788 /* WeatherDetailView.swift */ = {isa = PBXFileReference; lastKnownFileType = sourcecode.swift; path = WeatherDetailView.swift; sourceTree = "<group>"; };
		189686992D8A96DF00DD4788 /* CityWeatherModel.swift */ = {isa = PBXFileReference; lastKnownFileType = sourcecode.swift; path = CityWeatherModel.swift; sourceTree = "<group>"; };
		1896869C2D8A9B2600DD4788 /* WeatherViewModel.swift */ = {isa = PBXFileReference; lastKnownFileType = sourcecode.swift; path = WeatherViewModel.swift; sourceTree = "<group>"; };
		189686A02D8B428500DD4788 /* Extensions.swift */ = {isa = PBXFileReference; lastKnownFileType = sourcecode.swift; path = Extensions.swift; sourceTree = "<group>"; };
/* End PBXFileReference section */

/* Begin PBXFrameworksBuildPhase section */
		1877FFC12D88563D00615BB1 /* Frameworks */ = {
			isa = PBXFrameworksBuildPhase;
			buildActionMask = 2147483647;
			files = (
			);
			runOnlyForDeploymentPostprocessing = 0;
		};
/* End PBXFrameworksBuildPhase section */

/* Begin PBXGroup section */
		1877FFBB2D88563D00615BB1 = {
			isa = PBXGroup;
			children = (
				189686A22D8B429100DD4788 /* Extension */,
				1877FFC62D88563D00615BB1 /* WeatherApp */,
				1877FFC52D88563D00615BB1 /* Products */,
			);
			sourceTree = "<group>";
		};
		1877FFC52D88563D00615BB1 /* Products */ = {
			isa = PBXGroup;
			children = (
				1877FFC42D88563D00615BB1 /* WeatherApp.app */,
			);
			name = Products;
			sourceTree = "<group>";
		};
		1877FFC62D88563D00615BB1 /* WeatherApp */ = {
			isa = PBXGroup;
			children = (
				1896869B2D8A9AEC00DD4788 /* ViewModel */,
				189686982D8A96CA00DD4788 /* Model */,
				188833332D89D0E0002E608B /* WikiPediaSearch.swift */,
				188833352D89D1A6002E608B /* WeatherTabView.swift */,
				189686942D8A959F00DD4788 /* WeatherApp.swift */,
				189686962D8A95B700DD4788 /* WeatherDetailView.swift */,
				1877FFDA2D885D9700615BB1 /* MockOneCallResponse.json */,
				1877FFC72D88563D00615BB1 /* WeatherAppApp.swift */,
				1877FFCB2D88563F00615BB1 /* Assets.xcassets */,
				1877FFD02D88563F00615BB1 /* Persistence.swift */,
				1877FFD22D88563F00615BB1 /* WeatherApp.xcdatamodeld */,
				1877FFCD2D88563F00615BB1 /* Preview Content */,
			);
			path = WeatherApp;
			sourceTree = "<group>";
		};
		1877FFCD2D88563F00615BB1 /* Preview Content */ = {
			isa = PBXGroup;
			children = (
				1877FFCE2D88563F00615BB1 /* Preview Assets.xcassets */,
			);
			path = "Preview Content";
			sourceTree = "<group>";
		};
		189686982D8A96CA00DD4788 /* Model */ = {
			isa = PBXGroup;
			children = (
				189686992D8A96DF00DD4788 /* CityWeatherModel.swift */,
			);
			path = Model;
			sourceTree = "<group>";
		};
		1896869B2D8A9AEC00DD4788 /* ViewModel */ = {
			isa = PBXGroup;
			children = (
				1896869C2D8A9B2600DD4788 /* WeatherViewModel.swift */,
			);
			path = ViewModel;
			sourceTree = "<group>";
		};
		189686A22D8B429100DD4788 /* Extension */ = {
			isa = PBXGroup;
			children = (
				189686A02D8B428500DD4788 /* Extensions.swift */,
			);
			path = Extension;
			sourceTree = "<group>";
		};
/* End PBXGroup section */

/* Begin PBXNativeTarget section */
		1877FFC32D88563D00615BB1 /* WeatherApp */ = {
			isa = PBXNativeTarget;
			buildConfigurationList = 1877FFD72D88563F00615BB1 /* Build configuration list for PBXNativeTarget "WeatherApp" */;
			buildPhases = (
				1877FFC02D88563D00615BB1 /* Sources */,
				1877FFC12D88563D00615BB1 /* Frameworks */,
				1877FFC22D88563D00615BB1 /* Resources */,
			);
			buildRules = (
			);
			dependencies = (
			);
			name = WeatherApp;
			productName = WeatherApp;
			productReference = 1877FFC42D88563D00615BB1 /* WeatherApp.app */;
			productType = "com.apple.product-type.application";
		};
/* End PBXNativeTarget section */

/* Begin PBXProject section */
		1877FFBC2D88563D00615BB1 /* Project object */ = {
			isa = PBXProject;
			attributes = {
				BuildIndependentTargetsInParallel = 1;
				LastSwiftUpdateCheck = 1540;
				LastUpgradeCheck = 1540;
				TargetAttributes = {
					1877FFC32D88563D00615BB1 = {
						CreatedOnToolsVersion = 15.4;
					};
				};
			};
			buildConfigurationList = 1877FFBF2D88563D00615BB1 /* Build configuration list for PBXProject "WeatherApp" */;
			compatibilityVersion = "Xcode 14.0";
			developmentRegion = en;
			hasScannedForEncodings = 0;
			knownRegions = (
				en,
				Base,
			);
			mainGroup = 1877FFBB2D88563D00615BB1;
			productRefGroup = 1877FFC52D88563D00615BB1 /* Products */;
			projectDirPath = "";
			projectRoot = "";
			targets = (
				1877FFC32D88563D00615BB1 /* WeatherApp */,
			);
		};
/* End PBXProject section */

/* Begin PBXResourcesBuildPhase section */
		1877FFC22D88563D00615BB1 /* Resources */ = {
			isa = PBXResourcesBuildPhase;
			buildActionMask = 2147483647;
			files = (
				1877FFDB2D885D9700615BB1 /* MockOneCallResponse.json in Resources */,
				1877FFCF2D88563F00615BB1 /* Preview Assets.xcassets in Resources */,
				1877FFCC2D88563F00615BB1 /* Assets.xcassets in Resources */,
			);
			runOnlyForDeploymentPostprocessing = 0;
		};
/* End PBXResourcesBuildPhase section */

/* Begin PBXSourcesBuildPhase section */
		1877FFC02D88563D00615BB1 /* Sources */ = {
			isa = PBXSourcesBuildPhase;
			buildActionMask = 2147483647;
			files = (
				189686972D8A95B700DD4788 /* WeatherDetailView.swift in Sources */,
				1896869D2D8A9B2600DD4788 /* WeatherViewModel.swift in Sources */,
				188833342D89D0E0002E608B /* WikiPediaSearch.swift in Sources */,
				1877FFD42D88563F00615BB1 /* WeatherApp.xcdatamodeld in Sources */,
				1896869A2D8A96DF00DD4788 /* CityWeatherModel.swift in Sources */,
				189686A12D8B428500DD4788 /* Extensions.swift in Sources */,
				1877FFD12D88563F00615BB1 /* Persistence.swift in Sources */,
				189686952D8A959F00DD4788 /* WeatherApp.swift in Sources */,
				188833362D89D1A6002E608B /* WeatherTabView.swift in Sources */,
				1877FFC82D88563D00615BB1 /* WeatherAppApp.swift in Sources */,
			);
			runOnlyForDeploymentPostprocessing = 0;
		};
/* End PBXSourcesBuildPhase section */

/* Begin XCBuildConfiguration section */
		1877FFD52D88563F00615BB1 /* Debug */ = {
			isa = XCBuildConfiguration;
			buildSettings = {
				ALWAYS_SEARCH_USER_PATHS = NO;
				ASSETCATALOG_COMPILER_GENERATE_SWIFT_ASSET_SYMBOL_EXTENSIONS = YES;
				CLANG_ANALYZER_NONNULL = YES;
				CLANG_ANALYZER_NUMBER_OBJECT_CONVERSION = YES_AGGRESSIVE;
				CLANG_CXX_LANGUAGE_STANDARD = "gnu++20";
				CLANG_ENABLE_MODULES = YES;
				CLANG_ENABLE_OBJC_ARC = YES;
				CLANG_ENABLE_OBJC_WEAK = YES;
				CLANG_WARN_BLOCK_CAPTURE_AUTORELEASING = YES;
				CLANG_WARN_BOOL_CONVERSION = YES;
				CLANG_WARN_COMMA = YES;
				CLANG_WARN_CONSTANT_CONVERSION = YES;
				CLANG_WARN_DEPRECATED_OBJC_IMPLEMENTATIONS = YES;
				CLANG_WARN_DIRECT_OBJC_ISA_USAGE = YES_ERROR;
				CLANG_WARN_DOCUMENTATION_COMMENTS = YES;
				CLANG_WARN_EMPTY_BODY = YES;
				CLANG_WARN_ENUM_CONVERSION = YES;
				CLANG_WARN_INFINITE_RECURSION = YES;
				CLANG_WARN_INT_CONVERSION = YES;
				CLANG_WARN_NON_LITERAL_NULL_CONVERSION = YES;
				CLANG_WARN_OBJC_IMPLICIT_RETAIN_SELF = YES;
				CLANG_WARN_OBJC_LITERAL_CONVERSION = YES;
				CLANG_WARN_OBJC_ROOT_CLASS = YES_ERROR;
				CLANG_WARN_QUOTED_INCLUDE_IN_FRAMEWORK_HEADER = YES;
				CLANG_WARN_RANGE_LOOP_ANALYSIS = YES;
				CLANG_WARN_STRICT_PROTOTYPES = YES;
				CLANG_WARN_SUSPICIOUS_MOVE = YES;
				CLANG_WARN_UNGUARDED_AVAILABILITY = YES_AGGRESSIVE;
				CLANG_WARN_UNREACHABLE_CODE = YES;
				CLANG_WARN__DUPLICATE_METHOD_MATCH = YES;
				COPY_PHASE_STRIP = NO;
				DEBUG_INFORMATION_FORMAT = dwarf;
				ENABLE_STRICT_OBJC_MSGSEND = YES;
				ENABLE_TESTABILITY = YES;
				ENABLE_USER_SCRIPT_SANDBOXING = YES;
				GCC_C_LANGUAGE_STANDARD = gnu17;
				GCC_DYNAMIC_NO_PIC = NO;
				GCC_NO_COMMON_BLOCKS = YES;
				GCC_OPTIMIZATION_LEVEL = 0;
				GCC_PREPROCESSOR_DEFINITIONS = (
					"DEBUG=1",
					"$(inherited)",
				);
				GCC_WARN_64_TO_32_BIT_CONVERSION = YES;
				GCC_WARN_ABOUT_RETURN_TYPE = YES_ERROR;
				GCC_WARN_UNDECLARED_SELECTOR = YES;
				GCC_WARN_UNINITIALIZED_AUTOS = YES_AGGRESSIVE;
				GCC_WARN_UNUSED_FUNCTION = YES;
				GCC_WARN_UNUSED_VARIABLE = YES;
				IPHONEOS_DEPLOYMENT_TARGET = 17.5;
				LOCALIZATION_PREFERS_STRING_CATALOGS = YES;
				MTL_ENABLE_DEBUG_INFO = INCLUDE_SOURCE;
				MTL_FAST_MATH = YES;
				ONLY_ACTIVE_ARCH = YES;
				SDKROOT = iphoneos;
				SWIFT_ACTIVE_COMPILATION_CONDITIONS = "DEBUG $(inherited)";
				SWIFT_OPTIMIZATION_LEVEL = "-Onone";
			};
			name = Debug;
		};
		1877FFD62D88563F00615BB1 /* Release */ = {
			isa = XCBuildConfiguration;
			buildSettings = {
				ALWAYS_SEARCH_USER_PATHS = NO;
				ASSETCATALOG_COMPILER_GENERATE_SWIFT_ASSET_SYMBOL_EXTENSIONS = YES;
				CLANG_ANALYZER_NONNULL = YES;
				CLANG_ANALYZER_NUMBER_OBJECT_CONVERSION = YES_AGGRESSIVE;
				CLANG_CXX_LANGUAGE_STANDARD = "gnu++20";
				CLANG_ENABLE_MODULES = YES;
				CLANG_ENABLE_OBJC_ARC = YES;
				CLANG_ENABLE_OBJC_WEAK = YES;
				CLANG_WARN_BLOCK_CAPTURE_AUTORELEASING = YES;
				CLANG_WARN_BOOL_CONVERSION = YES;
				CLANG_WARN_COMMA = YES;
				CLANG_WARN_CONSTANT_CONVERSION = YES;
				CLANG_WARN_DEPRECATED_OBJC_IMPLEMENTATIONS = YES;
				CLANG_WARN_DIRECT_OBJC_ISA_USAGE = YES_ERROR;
				CLANG_WARN_DOCUMENTATION_COMMENTS = YES;
				CLANG_WARN_EMPTY_BODY = YES;
				CLANG_WARN_ENUM_CONVERSION = YES;
				CLANG_WARN_INFINITE_RECURSION = YES;
				CLANG_WARN_INT_CONVERSION = YES;
				CLANG_WARN_NON_LITERAL_NULL_CONVERSION = YES;
				CLANG_WARN_OBJC_IMPLICIT_RETAIN_SELF = YES;
				CLANG_WARN_OBJC_LITERAL_CONVERSION = YES;
				CLANG_WARN_OBJC_ROOT_CLASS = YES_ERROR;
				CLANG_WARN_QUOTED_INCLUDE_IN_FRAMEWORK_HEADER = YES;
				CLANG_WARN_RANGE_LOOP_ANALYSIS = YES;
				CLANG_WARN_STRICT_PROTOTYPES = YES;
				CLANG_WARN_SUSPICIOUS_MOVE = YES;
				CLANG_WARN_UNGUARDED_AVAILABILITY = YES_AGGRESSIVE;
				CLANG_WARN_UNREACHABLE_CODE = YES;
				CLANG_WARN__DUPLICATE_METHOD_MATCH = YES;
				COPY_PHASE_STRIP = NO;
				DEBUG_INFORMATION_FORMAT = "dwarf-with-dsym";
				ENABLE_NS_ASSERTIONS = NO;
				ENABLE_STRICT_OBJC_MSGSEND = YES;
				ENABLE_USER_SCRIPT_SANDBOXING = YES;
				GCC_C_LANGUAGE_STANDARD = gnu17;
				GCC_NO_COMMON_BLOCKS = YES;
				GCC_WARN_64_TO_32_BIT_CONVERSION = YES;
				GCC_WARN_ABOUT_RETURN_TYPE = YES_ERROR;
				GCC_WARN_UNDECLARED_SELECTOR = YES;
				GCC_WARN_UNINITIALIZED_AUTOS = YES_AGGRESSIVE;
				GCC_WARN_UNUSED_FUNCTION = YES;
				GCC_WARN_UNUSED_VARIABLE = YES;
				IPHONEOS_DEPLOYMENT_TARGET = 17.5;
				LOCALIZATION_PREFERS_STRING_CATALOGS = YES;
				MTL_ENABLE_DEBUG_INFO = NO;
				MTL_FAST_MATH = YES;
				SDKROOT = iphoneos;
				SWIFT_COMPILATION_MODE = wholemodule;
				VALIDATE_PRODUCT = YES;
			};
			name = Release;
		};
		1877FFD82D88563F00615BB1 /* Debug */ = {
			isa = XCBuildConfiguration;
			buildSettings = {
				ASSETCATALOG_COMPILER_APPICON_NAME = AppIcon;
				ASSETCATALOG_COMPILER_GLOBAL_ACCENT_COLOR_NAME = AccentColor;
				CODE_SIGN_STYLE = Automatic;
				CURRENT_PROJECT_VERSION = 1;
				DEVELOPMENT_ASSET_PATHS = "\"WeatherApp/Preview Content\"";
				ENABLE_PREVIEWS = YES;
				GENERATE_INFOPLIST_FILE = YES;
				INFOPLIST_KEY_LSApplicationCategoryType = "";
				INFOPLIST_KEY_NSLocationWhenInUseUsageDescription = "We need your location to show the weather";
				INFOPLIST_KEY_UIApplicationSceneManifest_Generation = YES;
				INFOPLIST_KEY_UIApplicationSupportsIndirectInputEvents = YES;
				INFOPLIST_KEY_UILaunchScreen_Generation = YES;
				INFOPLIST_KEY_UISupportedInterfaceOrientations_iPad = "UIInterfaceOrientationPortrait UIInterfaceOrientationPortraitUpsideDown UIInterfaceOrientationLandscapeLeft UIInterfaceOrientationLandscapeRight";
				INFOPLIST_KEY_UISupportedInterfaceOrientations_iPhone = "UIInterfaceOrientationPortrait UIInterfaceOrientationLandscapeLeft UIInterfaceOrientationLandscapeRight";
				LD_RUNPATH_SEARCH_PATHS = (
					"$(inherited)",
					"@executable_path/Frameworks",
				);
				MARKETING_VERSION = 1.0;
				PRODUCT_BUNDLE_IDENTIFIER = dev.watchConnectivityExample.WeatherApp;
				PRODUCT_NAME = "$(TARGET_NAME)";
				SWIFT_EMIT_LOC_STRINGS = YES;
				SWIFT_VERSION = 5.0;
				TARGETED_DEVICE_FAMILY = "1,2";
			};
			name = Debug;
		};
		1877FFD92D88563F00615BB1 /* Release */ = {
			isa = XCBuildConfiguration;
			buildSettings = {
				ASSETCATALOG_COMPILER_APPICON_NAME = AppIcon;
				ASSETCATALOG_COMPILER_GLOBAL_ACCENT_COLOR_NAME = AccentColor;
				CODE_SIGN_STYLE = Automatic;
				CURRENT_PROJECT_VERSION = 1;
				DEVELOPMENT_ASSET_PATHS = "\"WeatherApp/Preview Content\"";
				ENABLE_PREVIEWS = YES;
				GENERATE_INFOPLIST_FILE = YES;
				INFOPLIST_KEY_LSApplicationCategoryType = "";
				INFOPLIST_KEY_NSLocationWhenInUseUsageDescription = "We need your location to show the weather";
				INFOPLIST_KEY_UIApplicationSceneManifest_Generation = YES;
				INFOPLIST_KEY_UIApplicationSupportsIndirectInputEvents = YES;
				INFOPLIST_KEY_UILaunchScreen_Generation = YES;
				INFOPLIST_KEY_UISupportedInterfaceOrientations_iPad = "UIInterfaceOrientationPortrait UIInterfaceOrientationPortraitUpsideDown UIInterfaceOrientationLandscapeLeft UIInterfaceOrientationLandscapeRight";
				INFOPLIST_KEY_UISupportedInterfaceOrientations_iPhone = "UIInterfaceOrientationPortrait UIInterfaceOrientationLandscapeLeft UIInterfaceOrientationLandscapeRight";
				LD_RUNPATH_SEARCH_PATHS = (
					"$(inherited)",
					"@executable_path/Frameworks",
				);
				MARKETING_VERSION = 1.0;
				PRODUCT_BUNDLE_IDENTIFIER = dev.watchConnectivityExample.WeatherApp;
				PRODUCT_NAME = "$(TARGET_NAME)";
				SWIFT_EMIT_LOC_STRINGS = YES;
				SWIFT_VERSION = 5.0;
				TARGETED_DEVICE_FAMILY = "1,2";
			};
			name = Release;
		};
/* End XCBuildConfiguration section */

/* Begin XCConfigurationList section */
		1877FFBF2D88563D00615BB1 /* Build configuration list for PBXProject "WeatherApp" */ = {
			isa = XCConfigurationList;
			buildConfigurations = (
				1877FFD52D88563F00615BB1 /* Debug */,
				1877FFD62D88563F00615BB1 /* Release */,
			);
			defaultConfigurationIsVisible = 0;
			defaultConfigurationName = Release;
		};
		1877FFD72D88563F00615BB1 /* Build configuration list for PBXNativeTarget "WeatherApp" */ = {
			isa = XCConfigurationList;
			buildConfigurations = (
				1877FFD82D88563F00615BB1 /* Debug */,
				1877FFD92D88563F00615BB1 /* Release */,
			);
			defaultConfigurationIsVisible = 0;
			defaultConfigurationName = Release;
		};
/* End XCConfigurationList section */

/* Begin XCVersionGroup section */
		1877FFD22D88563F00615BB1 /* WeatherApp.xcdatamodeld */ = {
			isa = XCVersionGroup;
			children = (
				1877FFD32D88563F00615BB1 /* WeatherApp.xcdatamodel */,
			);
			currentVersion = 1877FFD32D88563F00615BB1 /* WeatherApp.xcdatamodel */;
			path = WeatherApp.xcdatamodeld;
			sourceTree = "<group>";
			versionGroupType = wrapper.xcdatamodel;
		};
/* End XCVersionGroup section */
	};
	rootObject = 1877FFBC2D88563D00615BB1 /* Project object */;
}
